
Microsoft Visual Studio Solution File, Format Version 12.00
# Visual Studio Version 17
VisualStudioVersion = 17.9.34728.123
MinimumVisualStudioVersion = 10.0.40219.1
Project("{FAE04EC0-301F-11D3-BF4B-00C04F79EFBC}") = "IntroductionToDOTNET", "IntroductionToDOTNET\IntroductionToDOTNET.csproj", "{59B84A11-1725-44CE-9AC9-34B6A461B65C}"
EndProject
Project("{FAE04EC0-301F-11D3-BF4B-00C04F79EFBC}") = "DataTypes", "DataTypes\DataTypes.csproj", "{8CF1634A-AF2A-4E7E-A37F-331FB35D9734}"
EndProject
Project("{FAE04EC0-301F-11D3-BF4B-00C04F79EFBC}") = "Figure", "Figure\Figure.csproj", "{9FCBE75B-9C3E-4AFB-982B-D6FBAA730E8D}"
EndProject
Project("{FAE04EC0-301F-11D3-BF4B-00C04F79EFBC}") = "Factorial", "Factorial\Factorial.csproj", "{B1DE319B-808B-45BF-BC5A-BE308D57E59E}"
EndProject
Project("{FAE04EC0-301F-11D3-BF4B-00C04F79EFBC}") = "Factorial1", "Factorial1\Factorial1.csproj", "{E0F68031-1BD1-463D-9D9C-E226AD536A04}"
EndProject
Project("{FAE04EC0-301F-11D3-BF4B-00C04F79EFBC}") = "Cursor", "Cursor\Cursor.csproj", "{1F32ABF2-4410-4C14-9C35-4049B9C2AE56}"
EndProject
Project("{FAE04EC0-301F-11D3-BF4B-00C04F79EFBC}") = "chess", "chess\chess.csproj", "{40AFC060-DB10-4F98-A3A7-8D5FBB3EDBA4}"
EndProject
Project("{FAE04EC0-301F-11D3-BF4B-00C04F79EFBC}") = "Calculator", "Calculator\Calculator.csproj", "{23672B06-CAF7-438C-8D60-4BA236695960}"
EndProject
Project("{FAE04EC0-301F-11D3-BF4B-00C04F79EFBC}") = "Arrays", "Arrays\Arrays.csproj", "{3623B814-9821-447A-BAD3-6252059A151B}"
EndProject
Project("{FAE04EC0-301F-11D3-BF4B-00C04F79EFBC}") = "Point", "Point\Point.csproj", "{F36A48CF-63AE-4BE7-A553-21063B55FC38}"
EndProject
Global
	GlobalSection(SolutionConfigurationPlatforms) = preSolution
		Debug|Any CPU = Debug|Any CPU
		Release|Any CPU = Release|Any CPU
	EndGlobalSection
	GlobalSection(ProjectConfigurationPlatforms) = postSolution
		{59B84A11-1725-44CE-9AC9-34B6A461B65C}.Debug|Any CPU.ActiveCfg = Debug|Any CPU
		{59B84A11-1725-44CE-9AC9-34B6A461B65C}.Debug|Any CPU.Build.0 = Debug|Any CPU
		{59B84A11-1725-44CE-9AC9-34B6A461B65C}.Release|Any CPU.ActiveCfg = Release|Any CPU
		{59B84A11-1725-44CE-9AC9-34B6A461B65C}.Release|Any CPU.Build.0 = Release|Any CPU
		{8CF1634A-AF2A-4E7E-A37F-331FB35D9734}.Debug|Any CPU.ActiveCfg = Debug|Any CPU
		{8CF1634A-AF2A-4E7E-A37F-331FB35D9734}.Debug|Any CPU.Build.0 = Debug|Any CPU
		{8CF1634A-AF2A-4E7E-A37F-331FB35D9734}.Release|Any CPU.ActiveCfg = Release|Any CPU
		{8CF1634A-AF2A-4E7E-A37F-331FB35D9734}.Release|Any CPU.Build.0 = Release|Any CPU
		{9FCBE75B-9C3E-4AFB-982B-D6FBAA730E8D}.Debug|Any CPU.ActiveCfg = Debug|Any CPU
		{9FCBE75B-9C3E-4AFB-982B-D6FBAA730E8D}.Debug|Any CPU.Build.0 = Debug|Any CPU
		{9FCBE75B-9C3E-4AFB-982B-D6FBAA730E8D}.Release|Any CPU.ActiveCfg = Release|Any CPU
		{9FCBE75B-9C3E-4AFB-982B-D6FBAA730E8D}.Release|Any CPU.Build.0 = Release|Any CPU
		{B1DE319B-808B-45BF-BC5A-BE308D57E59E}.Debug|Any CPU.ActiveCfg = Debug|Any CPU
		{B1DE319B-808B-45BF-BC5A-BE308D57E59E}.Debug|Any CPU.Build.0 = Debug|Any CPU
		{B1DE319B-808B-45BF-BC5A-BE308D57E59E}.Release|Any CPU.ActiveCfg = Release|Any CPU
		{B1DE319B-808B-45BF-BC5A-BE308D57E59E}.Release|Any CPU.Build.0 = Release|Any CPU
		{E0F68031-1BD1-463D-9D9C-E226AD536A04}.Debug|Any CPU.ActiveCfg = Debug|Any CPU
		{E0F68031-1BD1-463D-9D9C-E226AD536A04}.Debug|Any CPU.Build.0 = Debug|Any CPU
		{E0F68031-1BD1-463D-9D9C-E226AD536A04}.Release|Any CPU.ActiveCfg = Release|Any CPU
		{E0F68031-1BD1-463D-9D9C-E226AD536A04}.Release|Any CPU.Build.0 = Release|Any CPU
		{1F32ABF2-4410-4C14-9C35-4049B9C2AE56}.Debug|Any CPU.ActiveCfg = Debug|Any CPU
		{1F32ABF2-4410-4C14-9C35-4049B9C2AE56}.Debug|Any CPU.Build.0 = Debug|Any CPU
		{1F32ABF2-4410-4C14-9C35-4049B9C2AE56}.Release|Any CPU.ActiveCfg = Release|Any CPU
		{1F32ABF2-4410-4C14-9C35-4049B9C2AE56}.Release|Any CPU.Build.0 = Release|Any CPU
		{40AFC060-DB10-4F98-A3A7-8D5FBB3EDBA4}.Debug|Any CPU.ActiveCfg = Debug|Any CPU
		{40AFC060-DB10-4F98-A3A7-8D5FBB3EDBA4}.Debug|Any CPU.Build.0 = Debug|Any CPU
		{40AFC060-DB10-4F98-A3A7-8D5FBB3EDBA4}.Release|Any CPU.ActiveCfg = Release|Any CPU
		{40AFC060-DB10-4F98-A3A7-8D5FBB3EDBA4}.Release|Any CPU.Build.0 = Release|Any CPU
		{23672B06-CAF7-438C-8D60-4BA236695960}.Debug|Any CPU.ActiveCfg = Debug|Any CPU
		{23672B06-CAF7-438C-8D60-4BA236695960}.Debug|Any CPU.Build.0 = Debug|Any CPU
		{23672B06-CAF7-438C-8D60-4BA236695960}.Release|Any CPU.ActiveCfg = Release|Any CPU
		{23672B06-CAF7-438C-8D60-4BA236695960}.Release|Any CPU.Build.0 = Release|Any CPU
		{3623B814-9821-447A-BAD3-6252059A151B}.Debug|Any CPU.ActiveCfg = Debug|Any CPU
		{3623B814-9821-447A-BAD3-6252059A151B}.Debug|Any CPU.Build.0 = Debug|Any CPU
		{3623B814-9821-447A-BAD3-6252059A151B}.Release|Any CPU.ActiveCfg = Release|Any CPU
		{3623B814-9821-447A-BAD3-6252059A151B}.Release|Any CPU.Build.0 = Release|Any CPU
		{F36A48CF-63AE-4BE7-A553-21063B55FC38}.Debug|Any CPU.ActiveCfg = Debug|Any CPU
		{F36A48CF-63AE-4BE7-A553-21063B55FC38}.Debug|Any CPU.Build.0 = Debug|Any CPU
		{F36A48CF-63AE-4BE7-A553-21063B55FC38}.Release|Any CPU.ActiveCfg = Release|Any CPU
		{F36A48CF-63AE-4BE7-A553-21063B55FC38}.Release|Any CPU.Build.0 = Release|Any CPU
	EndGlobalSection
	GlobalSection(SolutionProperties) = preSolution
		HideSolutionNode = FALSE
	EndGlobalSection
	GlobalSection(ExtensibilityGlobals) = postSolution
		SolutionGuid = {8CE9B60B-A3D5-4143-AEFE-AB4317EB26F6}
	EndGlobalSection
EndGlobal
